{
  "requires": true,
  "lockfileVersion": 1,
  "dependencies": {
    "@sweetalert2/theme-dark": {
      "version": "5.0.13",
      "resolved": "https://registry.npmjs.org/@sweetalert2/theme-dark/-/theme-dark-5.0.13.tgz",
      "integrity": "sha512-/NtXZCO53mTleybnaAwDiT0B/lHls3KwOWcVHlIrTt1/LKI6h6U/1kqlIroeFERpWPmww0vRqmcbHYZSu0CZFg=="
    },
    "bootstrap": {
      "version": "5.2.2",
      "resolved": "https://registry.npmjs.org/bootstrap/-/bootstrap-5.2.2.tgz",
      "integrity": "sha512-dEtzMTV71n6Fhmbg4fYJzQsw1N29hJKO1js5ackCgIpDcGid2ETMGC6zwSYw09v05Y+oRdQ9loC54zB1La3hHQ=="
    },
    "sweetalert2": {
      "version": "11.6.6",
      "resolved": "https://registry.npmjs.org/sweetalert2/-/sweetalert2-11.6.6.tgz",
      "integrity": "sha512-HSHYnhvdNVa0nTS1hfhocZXd8u6qptyPtU2LIgrueS2SpHmPMA0Z3J2FLpjqKRYgznbPgSAQ7Z9SJTf1cV4PXg=="
    }
  }
}
